
Microsoft Visual Studio Solution File, Format Version 12.00
# Visual Studio Version 17
VisualStudioVersion = 17.4.33205.214
MinimumVisualStudioVersion = 10.0.40219.1
Project("{9A19103F-16F7-4668-BE54-9A1E7A4F7556}") = "AddonWars2.App", "AddonWars2.App\AddonWars2.App.csproj", "{8FB2A03B-0F7E-43DE-BFED-C6B816F04600}"
EndProject
Project("{2150E333-8FDC-42A3-9474-1A3956D46DE8}") = "Solution Items", "Solution Items", "{23EE9FC2-9909-446D-B9A9-2840E403AD34}"
	ProjectSection(SolutionItems) = preProject
		.editorconfig = .editorconfig
		..\.gitattributes = ..\.gitattributes
		..\.gitignore = ..\.gitignore
		GlobalAssemblyInfo.cs = GlobalAssemblyInfo.cs
		..\LICENSE = ..\LICENSE
		..\README.md = ..\README.md
		stylecop.json = stylecop.json
	EndProjectSection
EndProject
Project("{9A19103F-16F7-4668-BE54-9A1E7A4F7556}") = "AddonWars2.Core", "AddonWars2.Core\AddonWars2.Core.csproj", "{DCE3A06B-01AC-4654-9A6C-EA2A791A5FAC}"
EndProject
Project("{9A19103F-16F7-4668-BE54-9A1E7A4F7556}") = "AddonWars2.Services", "AddonWars2.Services\AddonWars2.Services.csproj", "{9DD1C6FB-0C2B-439B-88F5-1A4552F54C4D}"
EndProject
Project("{9A19103F-16F7-4668-BE54-9A1E7A4F7556}") = "AddonWars2.SharedData", "AddonWars2.SharedData\AddonWars2.SharedData.csproj", "{DD2643F2-99AE-4C75-928E-6CC5133FF3DB}"
EndProject
Project("{9A19103F-16F7-4668-BE54-9A1E7A4F7556}") = "AddonWars2.Downloaders", "AddonWars2.Downloaders\AddonWars2.Downloaders.csproj", "{4F1D225A-22F8-4BBB-957D-A40E55B97147}"
EndProject
Project("{9A19103F-16F7-4668-BE54-9A1E7A4F7556}") = "AddonWars2.DependencyResolvers", "AddonWars2.DependencyResolvers\AddonWars2.DependencyResolvers.csproj", "{7B175B9D-4B8F-4C81-B9EA-EF7B767027E9}"
EndProject
Project("{9A19103F-16F7-4668-BE54-9A1E7A4F7556}") = "AddonWars2.Extractors", "AddonWars2.Extractors\AddonWars2.Extractors.csproj", "{EF0557D6-A3ED-4725-9303-C5487FC6EB28}"
EndProject
Project("{9A19103F-16F7-4668-BE54-9A1E7A4F7556}") = "AddonWars2.Installers", "AddonWars2.Installers\AddonWars2.Installers.csproj", "{35975256-B5F9-4758-97A6-223B9E3BEF29}"
EndProject
Project("{9A19103F-16F7-4668-BE54-9A1E7A4F7556}") = "AddonWars2.Providers", "AddonWars2.Providers\AddonWars2.Providers.csproj", "{E9A7FF2A-D883-49F2-978B-463E7D6F3AA4}"
EndProject
Global
	GlobalSection(SolutionConfigurationPlatforms) = preSolution
		Debug|Any CPU = Debug|Any CPU
		Release|Any CPU = Release|Any CPU
	EndGlobalSection
	GlobalSection(ProjectConfigurationPlatforms) = postSolution
		{8FB2A03B-0F7E-43DE-BFED-C6B816F04600}.Debug|Any CPU.ActiveCfg = Debug|Any CPU
		{8FB2A03B-0F7E-43DE-BFED-C6B816F04600}.Debug|Any CPU.Build.0 = Debug|Any CPU
		{8FB2A03B-0F7E-43DE-BFED-C6B816F04600}.Release|Any CPU.ActiveCfg = Release|Any CPU
		{8FB2A03B-0F7E-43DE-BFED-C6B816F04600}.Release|Any CPU.Build.0 = Release|Any CPU
		{DCE3A06B-01AC-4654-9A6C-EA2A791A5FAC}.Debug|Any CPU.ActiveCfg = Debug|Any CPU
		{DCE3A06B-01AC-4654-9A6C-EA2A791A5FAC}.Debug|Any CPU.Build.0 = Debug|Any CPU
		{DCE3A06B-01AC-4654-9A6C-EA2A791A5FAC}.Release|Any CPU.ActiveCfg = Release|Any CPU
		{DCE3A06B-01AC-4654-9A6C-EA2A791A5FAC}.Release|Any CPU.Build.0 = Release|Any CPU
		{9DD1C6FB-0C2B-439B-88F5-1A4552F54C4D}.Debug|Any CPU.ActiveCfg = Debug|Any CPU
		{9DD1C6FB-0C2B-439B-88F5-1A4552F54C4D}.Debug|Any CPU.Build.0 = Debug|Any CPU
		{9DD1C6FB-0C2B-439B-88F5-1A4552F54C4D}.Release|Any CPU.ActiveCfg = Release|Any CPU
		{9DD1C6FB-0C2B-439B-88F5-1A4552F54C4D}.Release|Any CPU.Build.0 = Release|Any CPU
		{DD2643F2-99AE-4C75-928E-6CC5133FF3DB}.Debug|Any CPU.ActiveCfg = Debug|Any CPU
		{DD2643F2-99AE-4C75-928E-6CC5133FF3DB}.Debug|Any CPU.Build.0 = Debug|Any CPU
		{DD2643F2-99AE-4C75-928E-6CC5133FF3DB}.Release|Any CPU.ActiveCfg = Release|Any CPU
		{DD2643F2-99AE-4C75-928E-6CC5133FF3DB}.Release|Any CPU.Build.0 = Release|Any CPU
		{4F1D225A-22F8-4BBB-957D-A40E55B97147}.Debug|Any CPU.ActiveCfg = Debug|Any CPU
		{4F1D225A-22F8-4BBB-957D-A40E55B97147}.Debug|Any CPU.Build.0 = Debug|Any CPU
		{4F1D225A-22F8-4BBB-957D-A40E55B97147}.Release|Any CPU.ActiveCfg = Release|Any CPU
		{4F1D225A-22F8-4BBB-957D-A40E55B97147}.Release|Any CPU.Build.0 = Release|Any CPU
		{7B175B9D-4B8F-4C81-B9EA-EF7B767027E9}.Debug|Any CPU.ActiveCfg = Debug|Any CPU
		{7B175B9D-4B8F-4C81-B9EA-EF7B767027E9}.Debug|Any CPU.Build.0 = Debug|Any CPU
		{7B175B9D-4B8F-4C81-B9EA-EF7B767027E9}.Release|Any CPU.ActiveCfg = Release|Any CPU
		{7B175B9D-4B8F-4C81-B9EA-EF7B767027E9}.Release|Any CPU.Build.0 = Release|Any CPU
		{EF0557D6-A3ED-4725-9303-C5487FC6EB28}.Debug|Any CPU.ActiveCfg = Debug|Any CPU
		{EF0557D6-A3ED-4725-9303-C5487FC6EB28}.Debug|Any CPU.Build.0 = Debug|Any CPU
		{EF0557D6-A3ED-4725-9303-C5487FC6EB28}.Release|Any CPU.ActiveCfg = Release|Any CPU
		{EF0557D6-A3ED-4725-9303-C5487FC6EB28}.Release|Any CPU.Build.0 = Release|Any CPU
		{35975256-B5F9-4758-97A6-223B9E3BEF29}.Debug|Any CPU.ActiveCfg = Debug|Any CPU
		{35975256-B5F9-4758-97A6-223B9E3BEF29}.Debug|Any CPU.Build.0 = Debug|Any CPU
		{35975256-B5F9-4758-97A6-223B9E3BEF29}.Release|Any CPU.ActiveCfg = Release|Any CPU
		{35975256-B5F9-4758-97A6-223B9E3BEF29}.Release|Any CPU.Build.0 = Release|Any CPU
		{E9A7FF2A-D883-49F2-978B-463E7D6F3AA4}.Debug|Any CPU.ActiveCfg = Debug|Any CPU
		{E9A7FF2A-D883-49F2-978B-463E7D6F3AA4}.Debug|Any CPU.Build.0 = Debug|Any CPU
		{E9A7FF2A-D883-49F2-978B-463E7D6F3AA4}.Release|Any CPU.ActiveCfg = Release|Any CPU
		{E9A7FF2A-D883-49F2-978B-463E7D6F3AA4}.Release|Any CPU.Build.0 = Release|Any CPU
	EndGlobalSection
	GlobalSection(SolutionProperties) = preSolution
		HideSolutionNode = FALSE
	EndGlobalSection
	GlobalSection(ExtensibilityGlobals) = postSolution
		SolutionGuid = {CD01F5F4-F7C5-4F71-B636-03218EFF0FD8}
	EndGlobalSection
EndGlobal
